
Microsoft Visual Studio Solution File, Format Version 12.00
# Visual Studio Version 16
VisualStudioVersion = 16.0.30104.148
MinimumVisualStudioVersion = 10.0.40219.1
Project("{FAE04EC0-301F-11D3-BF4B-00C04F79EFBC}") = "God's Oversight", "God's Oversight\God's Oversight.csproj", "{020D774E-7B79-42E3-A0F6-42B26CD11D88}"
EndProject
Global
	GlobalSection(SolutionConfigurationPlatforms) = preSolution
		Debug|Any CPU = Debug|Any CPU
		Release|Any CPU = Release|Any CPU
	EndGlobalSection
	GlobalSection(ProjectConfigurationPlatforms) = postSolution
		{020D774E-7B79-42E3-A0F6-42B26CD11D88}.Debug|Any CPU.ActiveCfg = Debug|Any CPU
		{020D774E-7B79-42E3-A0F6-42B26CD11D88}.Debug|Any CPU.Build.0 = Debug|Any CPU
		{020D774E-7B79-42E3-A0F6-42B26CD11D88}.Release|Any CPU.ActiveCfg = Release|Any CPU
		{020D774E-7B79-42E3-A0F6-42B26CD11D88}.Release|Any CPU.Build.0 = Release|Any CPU
	EndGlobalSection
	GlobalSection(SolutionProperties) = preSolution
		HideSolutionNode = FALSE
	EndGlobalSection
	GlobalSection(ExtensibilityGlobals) = postSolution
		SolutionGuid = {0414BA68-ED99-4B46-9301-7F405848B04E}
	EndGlobalSection
EndGlobal
